
Microsoft Visual Studio Solution File, Format Version 12.00
# Visual Studio Version 17
VisualStudioVersion = 17.4.33213.308
MinimumVisualStudioVersion = 10.0.40219.1
Project("{9A19103F-16F7-4668-BE54-9A1E7A4F7556}") = "GeneticsChallenge", "GeneticsChallenge.csproj", "{EB3DE49B-DB6F-4327-8836-CC587D2E6F30}"
EndProject
Global
	GlobalSection(SolutionConfigurationPlatforms) = preSolution
		Debug|Any CPU = Debug|Any CPU
		Release|Any CPU = Release|Any CPU
	EndGlobalSection
	GlobalSection(ProjectConfigurationPlatforms) = postSolution
		{EB3DE49B-DB6F-4327-8836-CC587D2E6F30}.Debug|Any CPU.ActiveCfg = Debug|Any CPU
		{EB3DE49B-DB6F-4327-8836-CC587D2E6F30}.Debug|Any CPU.Build.0 = Debug|Any CPU
		{EB3DE49B-DB6F-4327-8836-CC587D2E6F30}.Release|Any CPU.ActiveCfg = Release|Any CPU
		{EB3DE49B-DB6F-4327-8836-CC587D2E6F30}.Release|Any CPU.Build.0 = Release|Any CPU
	EndGlobalSection
	GlobalSection(SolutionProperties) = preSolution
		HideSolutionNode = FALSE
	EndGlobalSection
	GlobalSection(ExtensibilityGlobals) = postSolution
		SolutionGuid = {7F2DF054-D909-460B-81E1-FA19C35DA66B}
	EndGlobalSection
EndGlobal
